
Microsoft Visual Studio Solution File, Format Version 12.00
# Visual Studio 15
VisualStudioVersion = 15.0.28307.1525
MinimumVisualStudioVersion = 10.0.40219.1
Project("{8BC9CEB8-8B4A-11D0-8D11-00A0C91BC942}") = "DX12Engine", "DX12Engine\DX12Engine.vcxproj", "{C05BF5CD-DE2A-482A-8C70-5283483E91FB}"
EndProject
Project("{8BC9CEB8-8B4A-11D0-8D11-00A0C91BC942}") = "Engine", "Engine\Engine.vcxproj", "{95851DB8-70D3-4744-8EEA-C7061FC1CEC5}"
EndProject
Global
	GlobalSection(SolutionConfigurationPlatforms) = preSolution
		Debug|x64 = Debug|x64
		Debug|x86 = Debug|x86
		Release|x64 = Release|x64
		Release|x86 = Release|x86
	EndGlobalSection
	GlobalSection(ProjectConfigurationPlatforms) = postSolution
		{C05BF5CD-DE2A-482A-8C70-5283483E91FB}.Debug|x64.ActiveCfg = Debug|x64
		{C05BF5CD-DE2A-482A-8C70-5283483E91FB}.Debug|x64.Build.0 = Debug|x64
		{C05BF5CD-DE2A-482A-8C70-5283483E91FB}.Debug|x86.ActiveCfg = Debug|Win32
		{C05BF5CD-DE2A-482A-8C70-5283483E91FB}.Debug|x86.Build.0 = Debug|Win32
		{C05BF5CD-DE2A-482A-8C70-5283483E91FB}.Release|x64.ActiveCfg = Release|x64
		{C05BF5CD-DE2A-482A-8C70-5283483E91FB}.Release|x64.Build.0 = Release|x64
		{C05BF5CD-DE2A-482A-8C70-5283483E91FB}.Release|x86.ActiveCfg = Release|Win32
		{C05BF5CD-DE2A-482A-8C70-5283483E91FB}.Release|x86.Build.0 = Release|Win32
		{95851DB8-70D3-4744-8EEA-C7061FC1CEC5}.Debug|x64.ActiveCfg = Debug|x64
		{95851DB8-70D3-4744-8EEA-C7061FC1CEC5}.Debug|x64.Build.0 = Debug|x64
		{95851DB8-70D3-4744-8EEA-C7061FC1CEC5}.Debug|x86.ActiveCfg = Debug|Win32
		{95851DB8-70D3-4744-8EEA-C7061FC1CEC5}.Debug|x86.Build.0 = Debug|Win32
		{95851DB8-70D3-4744-8EEA-C7061FC1CEC5}.Release|x64.ActiveCfg = Release|x64
		{95851DB8-70D3-4744-8EEA-C7061FC1CEC5}.Release|x64.Build.0 = Release|x64
		{95851DB8-70D3-4744-8EEA-C7061FC1CEC5}.Release|x86.ActiveCfg = Release|Win32
		{95851DB8-70D3-4744-8EEA-C7061FC1CEC5}.Release|x86.Build.0 = Release|Win32
	EndGlobalSection
	GlobalSection(SolutionProperties) = preSolution
		HideSolutionNode = FALSE
	EndGlobalSection
	GlobalSection(ExtensibilityGlobals) = postSolution
		SolutionGuid = {25F6D238-AA2B-4876-A4E5-A51513868046}
	EndGlobalSection
EndGlobal
